
Microsoft Visual Studio Solution File, Format Version 12.00
# Visual Studio Version 17
VisualStudioVersion = 17.0.31903.59
MinimumVisualStudioVersion = 10.0.40219.1
Project("{2150E333-8FDC-42A3-9474-1A3956D46DE8}") = "src", "src", "{410F92C7-59A5-4A91-BE5C-142F7C3DABA6}"
EndProject
Project("{2150E333-8FDC-42A3-9474-1A3956D46DE8}") = "1 Presentation", "1 Presentation", "{5665888C-CE55-4B02-94D0-A99A9826A6AC}"
EndProject
Project("{FAE04EC0-301F-11D3-BF4B-00C04F79EFBC}") = "IMDB.WebApi", "src\IMDB.WebApi\IMDB.WebApi.csproj", "{EF1E0A5F-57FA-4388-86AD-381FD7E54F2B}"
EndProject
Project("{2150E333-8FDC-42A3-9474-1A3956D46DE8}") = "2 Application", "2 Application", "{B4CD03D1-33A6-48D4-BB7E-F52A93287D30}"
EndProject
Project("{2150E333-8FDC-42A3-9474-1A3956D46DE8}") = "3 Infrastructure", "3 Infrastructure", "{9710C53F-0E34-42F5-98F9-B277053D8EC6}"
EndProject
Project("{FAE04EC0-301F-11D3-BF4B-00C04F79EFBC}") = "IMDB.Infrastructure", "src\IMDB.Infrastructure\IMDB.Infrastructure.csproj", "{09BBC1B4-AE01-434A-8D65-5DE4A83BA09F}"
EndProject
Project("{2150E333-8FDC-42A3-9474-1A3956D46DE8}") = "4 Domain", "4 Domain", "{70C47C1E-C34B-45B4-BE0B-1BA06CF192C5}"
EndProject
Project("{FAE04EC0-301F-11D3-BF4B-00C04F79EFBC}") = "IMDB.Domain", "src\IMDB.Domain\IMDB.Domain.csproj", "{C29DCF68-3CF5-419C-97CA-C62D1427CBE6}"
EndProject
Project("{FAE04EC0-301F-11D3-BF4B-00C04F79EFBC}") = "IMDB.Application", "src\IMDB.Application\IMDB.Application.csproj", "{11237840-0426-4253-8319-F3B684198F9B}"
EndProject
Global
	GlobalSection(SolutionConfigurationPlatforms) = preSolution
		Debug|Any CPU = Debug|Any CPU
		Release|Any CPU = Release|Any CPU
	EndGlobalSection
	GlobalSection(SolutionProperties) = preSolution
		HideSolutionNode = FALSE
	EndGlobalSection
	GlobalSection(NestedProjects) = preSolution
		{5665888C-CE55-4B02-94D0-A99A9826A6AC} = {410F92C7-59A5-4A91-BE5C-142F7C3DABA6}
		{EF1E0A5F-57FA-4388-86AD-381FD7E54F2B} = {5665888C-CE55-4B02-94D0-A99A9826A6AC}
		{B4CD03D1-33A6-48D4-BB7E-F52A93287D30} = {410F92C7-59A5-4A91-BE5C-142F7C3DABA6}
		{9710C53F-0E34-42F5-98F9-B277053D8EC6} = {410F92C7-59A5-4A91-BE5C-142F7C3DABA6}
		{09BBC1B4-AE01-434A-8D65-5DE4A83BA09F} = {9710C53F-0E34-42F5-98F9-B277053D8EC6}
		{70C47C1E-C34B-45B4-BE0B-1BA06CF192C5} = {410F92C7-59A5-4A91-BE5C-142F7C3DABA6}
		{C29DCF68-3CF5-419C-97CA-C62D1427CBE6} = {70C47C1E-C34B-45B4-BE0B-1BA06CF192C5}
		{11237840-0426-4253-8319-F3B684198F9B} = {B4CD03D1-33A6-48D4-BB7E-F52A93287D30}
	EndGlobalSection
	GlobalSection(ProjectConfigurationPlatforms) = postSolution
		{EF1E0A5F-57FA-4388-86AD-381FD7E54F2B}.Debug|Any CPU.ActiveCfg = Debug|Any CPU
		{EF1E0A5F-57FA-4388-86AD-381FD7E54F2B}.Debug|Any CPU.Build.0 = Debug|Any CPU
		{EF1E0A5F-57FA-4388-86AD-381FD7E54F2B}.Release|Any CPU.ActiveCfg = Release|Any CPU
		{EF1E0A5F-57FA-4388-86AD-381FD7E54F2B}.Release|Any CPU.Build.0 = Release|Any CPU
		{09BBC1B4-AE01-434A-8D65-5DE4A83BA09F}.Debug|Any CPU.ActiveCfg = Debug|Any CPU
		{09BBC1B4-AE01-434A-8D65-5DE4A83BA09F}.Debug|Any CPU.Build.0 = Debug|Any CPU
		{09BBC1B4-AE01-434A-8D65-5DE4A83BA09F}.Release|Any CPU.ActiveCfg = Release|Any CPU
		{09BBC1B4-AE01-434A-8D65-5DE4A83BA09F}.Release|Any CPU.Build.0 = Release|Any CPU
		{C29DCF68-3CF5-419C-97CA-C62D1427CBE6}.Debug|Any CPU.ActiveCfg = Debug|Any CPU
		{C29DCF68-3CF5-419C-97CA-C62D1427CBE6}.Debug|Any CPU.Build.0 = Debug|Any CPU
		{C29DCF68-3CF5-419C-97CA-C62D1427CBE6}.Release|Any CPU.ActiveCfg = Release|Any CPU
		{C29DCF68-3CF5-419C-97CA-C62D1427CBE6}.Release|Any CPU.Build.0 = Release|Any CPU
		{11237840-0426-4253-8319-F3B684198F9B}.Debug|Any CPU.ActiveCfg = Debug|Any CPU
		{11237840-0426-4253-8319-F3B684198F9B}.Debug|Any CPU.Build.0 = Debug|Any CPU
		{11237840-0426-4253-8319-F3B684198F9B}.Release|Any CPU.ActiveCfg = Release|Any CPU
		{11237840-0426-4253-8319-F3B684198F9B}.Release|Any CPU.Build.0 = Release|Any CPU
	EndGlobalSection
EndGlobal
